
Microsoft Visual Studio Solution File, Format Version 12.00
# Visual Studio Version 17
VisualStudioVersion = 17.3.32922.545
MinimumVisualStudioVersion = 10.0.40219.1
Project("{FAE04EC0-301F-11D3-BF4B-00C04F79EFBC}") = "ADW07-TAKE HOME", "ADW07-TAKE HOME\ADW07-TAKE HOME.csproj", "{75FAAEB7-0EC0-4B4A-A249-7C406D9B14D8}"
EndProject
Global
	GlobalSection(SolutionConfigurationPlatforms) = preSolution
		Debug|Any CPU = Debug|Any CPU
		Release|Any CPU = Release|Any CPU
	EndGlobalSection
	GlobalSection(ProjectConfigurationPlatforms) = postSolution
		{75FAAEB7-0EC0-4B4A-A249-7C406D9B14D8}.Debug|Any CPU.ActiveCfg = Debug|Any CPU
		{75FAAEB7-0EC0-4B4A-A249-7C406D9B14D8}.Debug|Any CPU.Build.0 = Debug|Any CPU
		{75FAAEB7-0EC0-4B4A-A249-7C406D9B14D8}.Release|Any CPU.ActiveCfg = Release|Any CPU
		{75FAAEB7-0EC0-4B4A-A249-7C406D9B14D8}.Release|Any CPU.Build.0 = Release|Any CPU
	EndGlobalSection
	GlobalSection(SolutionProperties) = preSolution
		HideSolutionNode = FALSE
	EndGlobalSection
	GlobalSection(ExtensibilityGlobals) = postSolution
		SolutionGuid = {E6B6D698-1B43-45D0-80C3-FB8A080824EC}
	EndGlobalSection
EndGlobal
